<?xml version="1.0" encoding="utf-8"?>
<Project ToolsVersion="4.0" xmlns="http://schemas.microsoft.com/developer/msbuild/2003">
  <ItemGroup>
    <Filter Include="1.Lib">
      <UniqueIdentifier>{93995380-89BD-4b04-88EB-625FBE52EBFB}</UniqueIdentifier>
      <Extensions>h;hh;hpp;hxx;hm;inl;inc;xsd</Extensions>
    </Filter>
    <Filter Include="2.Packet">
      <UniqueIdentifier>{bd24dc13-0457-496b-a7a3-aad7e07ced09}</UniqueIdentifier>
    </Filter>
  </ItemGroup>
  <ItemGroup>
    <Text Include="ReadMe.txt" />
  </ItemGroup>
  <ItemGroup>
    <ClCompile Include="..\..\TSParserLib\TSParserLib.cpp">
      <Filter>1.Lib</Filter>
    </ClCompile>
    <ClCompile Include="..\..\TSParserLib\TSPacket.cpp">
      <Filter>2.Packet</Filter>
    </ClCompile>
    <ClCompile Include="..\..\TSParserLib\GlobalUtils.cpp">
      <Filter>1.Lib</Filter>
    </ClCompile>
  </ItemGroup>
  <ItemGroup>
    <ClInclude Include="..\..\TSParserLib\TSParserLib.h">
      <Filter>1.Lib</Filter>
    </ClInclude>
    <ClInclude Include="..\..\TSParserLib\include.h">
      <Filter>1.Lib</Filter>
    </ClInclude>
    <ClInclude Include="..\..\TSParserLib\TSPacket.h">
      <Filter>2.Packet</Filter>
    </ClInclude>
    <ClInclude Include="..\..\TSParserLib\Configuration.h">
      <Filter>1.Lib</Filter>
    </ClInclude>
    <ClInclude Include="..\..\TSParserLib\GlobalUtils.h">
      <Filter>1.Lib</Filter>
    </ClInclude>
  </ItemGroup>
</Project>